
Microsoft Visual Studio Solution File, Format Version 12.00
# Visual Studio Version 17
VisualStudioVersion = 17.3.32901.215
MinimumVisualStudioVersion = 10.0.40219.1
Project("{FAE04EC0-301F-11D3-BF4B-00C04F79EFBC}") = "Oefening2", "Oefening2\Oefening2.csproj", "{1889B418-C35C-431F-9F80-D9EA57F30DF9}"
EndProject
Project("{FAE04EC0-301F-11D3-BF4B-00C04F79EFBC}") = "Oefening3", "Oefening3\Oefening3.csproj", "{15C71441-43C9-4F57-A936-7C3F9BE4AB1B}"
EndProject
Project("{FAE04EC0-301F-11D3-BF4B-00C04F79EFBC}") = "Oefening1", "Oefening1\Oefening1.csproj", "{4445B213-8A35-4931-BCDC-CCA932C24AEC}"
EndProject
Global
	GlobalSection(SolutionConfigurationPlatforms) = preSolution
		Debug|Any CPU = Debug|Any CPU
		Release|Any CPU = Release|Any CPU
	EndGlobalSection
	GlobalSection(ProjectConfigurationPlatforms) = postSolution
		{1889B418-C35C-431F-9F80-D9EA57F30DF9}.Debug|Any CPU.ActiveCfg = Debug|Any CPU
		{1889B418-C35C-431F-9F80-D9EA57F30DF9}.Debug|Any CPU.Build.0 = Debug|Any CPU
		{1889B418-C35C-431F-9F80-D9EA57F30DF9}.Release|Any CPU.ActiveCfg = Release|Any CPU
		{1889B418-C35C-431F-9F80-D9EA57F30DF9}.Release|Any CPU.Build.0 = Release|Any CPU
		{15C71441-43C9-4F57-A936-7C3F9BE4AB1B}.Debug|Any CPU.ActiveCfg = Debug|Any CPU
		{15C71441-43C9-4F57-A936-7C3F9BE4AB1B}.Debug|Any CPU.Build.0 = Debug|Any CPU
		{15C71441-43C9-4F57-A936-7C3F9BE4AB1B}.Release|Any CPU.ActiveCfg = Release|Any CPU
		{15C71441-43C9-4F57-A936-7C3F9BE4AB1B}.Release|Any CPU.Build.0 = Release|Any CPU
		{4445B213-8A35-4931-BCDC-CCA932C24AEC}.Debug|Any CPU.ActiveCfg = Debug|Any CPU
		{4445B213-8A35-4931-BCDC-CCA932C24AEC}.Debug|Any CPU.Build.0 = Debug|Any CPU
		{4445B213-8A35-4931-BCDC-CCA932C24AEC}.Release|Any CPU.ActiveCfg = Release|Any CPU
		{4445B213-8A35-4931-BCDC-CCA932C24AEC}.Release|Any CPU.Build.0 = Release|Any CPU
	EndGlobalSection
	GlobalSection(SolutionProperties) = preSolution
		HideSolutionNode = FALSE
	EndGlobalSection
	GlobalSection(ExtensibilityGlobals) = postSolution
		SolutionGuid = {7B284DF9-F24E-43C9-8224-01712F837F14}
	EndGlobalSection
EndGlobal
